
Microsoft Visual Studio Solution File, Format Version 12.00
# Visual Studio Version 17
VisualStudioVersion = 17.8.34330.188
MinimumVisualStudioVersion = 10.0.40219.1
Project("{2150E333-8FDC-42A3-9474-1A3956D46DE8}") = "src", "src", "{A816AB68-7489-4F3C-AB55-FCD99CF58F07}"
EndProject
Project("{FAE04EC0-301F-11D3-BF4B-00C04F79EFBC}") = "Estacionamento.WebAPI", "src\Estacionamento.WebAPI\Estacionamento.WebAPI.csproj", "{60E8BF9C-E7FD-467B-AB10-CFA25DFFB5FC}"
EndProject
Global
	GlobalSection(SolutionConfigurationPlatforms) = preSolution
		Debug|Any CPU = Debug|Any CPU
		Release|Any CPU = Release|Any CPU
	EndGlobalSection
	GlobalSection(ProjectConfigurationPlatforms) = postSolution
		{60E8BF9C-E7FD-467B-AB10-CFA25DFFB5FC}.Debug|Any CPU.ActiveCfg = Debug|Any CPU
		{60E8BF9C-E7FD-467B-AB10-CFA25DFFB5FC}.Debug|Any CPU.Build.0 = Debug|Any CPU
		{60E8BF9C-E7FD-467B-AB10-CFA25DFFB5FC}.Release|Any CPU.ActiveCfg = Release|Any CPU
		{60E8BF9C-E7FD-467B-AB10-CFA25DFFB5FC}.Release|Any CPU.Build.0 = Release|Any CPU
	EndGlobalSection
	GlobalSection(SolutionProperties) = preSolution
		HideSolutionNode = FALSE
	EndGlobalSection
	GlobalSection(NestedProjects) = preSolution
		{60E8BF9C-E7FD-467B-AB10-CFA25DFFB5FC} = {A816AB68-7489-4F3C-AB55-FCD99CF58F07}
	EndGlobalSection
	GlobalSection(ExtensibilityGlobals) = postSolution
		SolutionGuid = {C3577551-CC93-4D54-868A-6A33214C0EAA}
	EndGlobalSection
EndGlobal
